<?xml version="1.0" encoding="UTF-8" standalone="yes" ?>
<CodeBlocks_project_file>
	<FileVersion major="1" minor="6" />
	<Project>
		<Option title="TUIOBundle" />
		<Option pch_mode="2" />
		<Option compiler="gcc" />
		<Build>
			<Target title="Debug">
				<Option output="../../bin/TUIOBundleD" imp_lib="$(TARGET_OUTPUT_DIR)$(TARGET_OUTPUT_BASENAME).a" def_file="$(TARGET_OUTPUT_DIR)$(TARGET_OUTPUT_BASENAME).def" prefix_auto="1" extension_auto="1" />
				<Option object_output="../../obj/Debug/" />
				<Option type="3" />
				<Option compiler="gcc" />
				<Compiler>
					<Add option="-g" />
				</Compiler>
			</Target>
			<Target title="Release">
				<Option output="../../bin/TUIOBundle" imp_lib="$(TARGET_OUTPUT_DIR)$(TARGET_OUTPUT_BASENAME).a" def_file="$(TARGET_OUTPUT_DIR)$(TARGET_OUTPUT_BASENAME).def" prefix_auto="1" extension_auto="1" />
				<Option object_output="../../obj/Release/" />
				<Option type="3" />
				<Option compiler="gcc" />
				<Compiler>
					<Add option="-O2" />
				</Compiler>
				<Linker>
					<Add option="-s" />
				</Linker>
			</Target>
		</Build>
		<Compiler>
			<Add option="-std=c++11" />
			<Add option="-Wall" />
			<Add option="-fPIC" />
			<Add option="-D_UNIX" />
			<Add directory="../../../../kernel/src" />
			<Add directory="../../../../../../externalLibs/TUIO-1.4" />
			<Add directory="../../../../../../externalLibs/TUIO-1.4/oscpack" />
		</Compiler>
		<Unit filename="../src/TUIOBlock.cpp" />
		<Unit filename="../src/TUIOBlock.h" />
		<Unit filename="../src/TUIOBundle.cpp" />
		<Extensions>
			<code_completion />
			<envvars />
			<lib_finder disable_auto="1" />
			<debugger />
		</Extensions>
	</Project>
</CodeBlocks_project_file>
